// !$*UTF8*$!
{
	archiveVersion = 1;
	classes = {
	};
	objectVersion = 46;
	objects = {

/* Begin PBXBuildFile section */
		B0817244173BB37800ADDA83 /* libTheAmazingAudioEngine.a in Frameworks */ = {isa = PBXBuildFile; fileRef = B0817241173BB35B00ADDA83 /* libTheAmazingAudioEngine.a */; };
		B0817246173BB38200ADDA83 /* AudioToolbox.framework in Frameworks */ = {isa = PBXBuildFile; fileRef = B0817245173BB38200ADDA83 /* AudioToolbox.framework */; };
		B0817248173BB38800ADDA83 /* Accelerate.framework in Frameworks */ = {isa = PBXBuildFile; fileRef = B0817247173BB38800ADDA83 /* Accelerate.framework */; };
		B0CC35E6173AC03200BB0964 /* UIKit.framework in Frameworks */ = {isa = PBXBuildFile; fileRef = B0CC35E5173AC03200BB0964 /* UIKit.framework */; };
		B0CC35E8173AC03200BB0964 /* Foundation.framework in Frameworks */ = {isa = PBXBuildFile; fileRef = B0CC35E7173AC03200BB0964 /* Foundation.framework */; };
		B0CC35EA173AC03200BB0964 /* CoreGraphics.framework in Frameworks */ = {isa = PBXBuildFile; fileRef = B0CC35E9173AC03200BB0964 /* CoreGraphics.framework */; };
		B0CC35F0173AC03200BB0964 /* InfoPlist.strings in Resources */ = {isa = PBXBuildFile; fileRef = B0CC35EE173AC03200BB0964 /* InfoPlist.strings */; };
		B0CC35F2173AC03200BB0964 /* main.m in Sources */ = {isa = PBXBuildFile; fileRef = B0CC35F1173AC03200BB0964 /* main.m */; };
		B0CC35F6173AC03200BB0964 /* AppDelegate.m in Sources */ = {isa = PBXBuildFile; fileRef = B0CC35F5173AC03200BB0964 /* AppDelegate.m */; };
		B0CC35F8173AC03200BB0964 /* Default.png in Resources */ = {isa = PBXBuildFile; fileRef = B0CC35F7173AC03200BB0964 /* Default.png */; };
		B0CC35FA173AC03200BB0964 /* Default@2x.png in Resources */ = {isa = PBXBuildFile; fileRef = B0CC35F9173AC03200BB0964 /* Default@2x.png */; };
		B0CC35FC173AC03200BB0964 /* Default-568h@2x.png in Resources */ = {isa = PBXBuildFile; fileRef = B0CC35FB173AC03200BB0964 /* Default-568h@2x.png */; };
		B0CC35FF173AC03200BB0964 /* MainStoryboard.storyboard in Resources */ = {isa = PBXBuildFile; fileRef = B0CC35FD173AC03200BB0964 /* MainStoryboard.storyboard */; };
		B0CC3602173AC03200BB0964 /* ViewController.m in Sources */ = {isa = PBXBuildFile; fileRef = B0CC3601173AC03200BB0964 /* ViewController.m */; };
/* End PBXBuildFile section */

/* Begin PBXContainerItemProxy section */
		B0817240173BB35B00ADDA83 /* PBXContainerItemProxy */ = {
			isa = PBXContainerItemProxy;
			containerPortal = B081723C173BB35B00ADDA83 /* TheAmazingAudioEngine.xcodeproj */;
			proxyType = 2;
			remoteGlobalIDString = 4C215CEC1523A7D500D36CAD;
			remoteInfo = TheAmazingAudioEngine;
		};
		B0817242173BB36D00ADDA83 /* PBXContainerItemProxy */ = {
			isa = PBXContainerItemProxy;
			containerPortal = B081723C173BB35B00ADDA83 /* TheAmazingAudioEngine.xcodeproj */;
			proxyType = 1;
			remoteGlobalIDString = 4C215CEB1523A7D500D36CAD;
			remoteInfo = TheAmazingAudioEngine;
		};
/* End PBXContainerItemProxy section */

/* Begin PBXFileReference section */
		B081723C173BB35B00ADDA83 /* TheAmazingAudioEngine.xcodeproj */ = {isa = PBXFileReference; lastKnownFileType = "wrapper.pb-project"; name = TheAmazingAudioEngine.xcodeproj; path = TheAmazingAudioEngine/TheAmazingAudioEngine.xcodeproj; sourceTree = "<group>"; };
		B0817245173BB38200ADDA83 /* AudioToolbox.framework */ = {isa = PBXFileReference; lastKnownFileType = wrapper.framework; name = AudioToolbox.framework; path = System/Library/Frameworks/AudioToolbox.framework; sourceTree = SDKROOT; };
		B0817247173BB38800ADDA83 /* Accelerate.framework */ = {isa = PBXFileReference; lastKnownFileType = wrapper.framework; name = Accelerate.framework; path = System/Library/Frameworks/Accelerate.framework; sourceTree = SDKROOT; };
		B0CC35E2173AC03200BB0964 /* AAE+STK.app */ = {isa = PBXFileReference; explicitFileType = wrapper.application; includeInIndex = 0; path = "AAE+STK.app"; sourceTree = BUILT_PRODUCTS_DIR; };
		B0CC35E5173AC03200BB0964 /* UIKit.framework */ = {isa = PBXFileReference; lastKnownFileType = wrapper.framework; name = UIKit.framework; path = System/Library/Frameworks/UIKit.framework; sourceTree = SDKROOT; };
		B0CC35E7173AC03200BB0964 /* Foundation.framework */ = {isa = PBXFileReference; lastKnownFileType = wrapper.framework; name = Foundation.framework; path = System/Library/Frameworks/Foundation.framework; sourceTree = SDKROOT; };
		B0CC35E9173AC03200BB0964 /* CoreGraphics.framework */ = {isa = PBXFileReference; lastKnownFileType = wrapper.framework; name = CoreGraphics.framework; path = System/Library/Frameworks/CoreGraphics.framework; sourceTree = SDKROOT; };
		B0CC35ED173AC03200BB0964 /* AAE+STK-Info.plist */ = {isa = PBXFileReference; lastKnownFileType = text.plist.xml; path = "AAE+STK-Info.plist"; sourceTree = "<group>"; };
		B0CC35EF173AC03200BB0964 /* en */ = {isa = PBXFileReference; lastKnownFileType = text.plist.strings; name = en; path = en.lproj/InfoPlist.strings; sourceTree = "<group>"; };
		B0CC35F1173AC03200BB0964 /* main.m */ = {isa = PBXFileReference; lastKnownFileType = sourcecode.c.objc; path = main.m; sourceTree = "<group>"; };
		B0CC35F3173AC03200BB0964 /* AAE+STK-Prefix.pch */ = {isa = PBXFileReference; lastKnownFileType = sourcecode.c.h; path = "AAE+STK-Prefix.pch"; sourceTree = "<group>"; };
		B0CC35F4173AC03200BB0964 /* AppDelegate.h */ = {isa = PBXFileReference; lastKnownFileType = sourcecode.c.h; path = AppDelegate.h; sourceTree = "<group>"; };
		B0CC35F5173AC03200BB0964 /* AppDelegate.m */ = {isa = PBXFileReference; lastKnownFileType = sourcecode.c.objc; path = AppDelegate.m; sourceTree = "<group>"; };
		B0CC35F7173AC03200BB0964 /* Default.png */ = {isa = PBXFileReference; lastKnownFileType = image.png; path = Default.png; sourceTree = "<group>"; };
		B0CC35F9173AC03200BB0964 /* Default@2x.png */ = {isa = PBXFileReference; lastKnownFileType = image.png; path = "Default@2x.png"; sourceTree = "<group>"; };
		B0CC35FB173AC03200BB0964 /* Default-568h@2x.png */ = {isa = PBXFileReference; lastKnownFileType = image.png; path = "Default-568h@2x.png"; sourceTree = "<group>"; };
		B0CC35FE173AC03200BB0964 /* en */ = {isa = PBXFileReference; lastKnownFileType = file.storyboard; name = en; path = en.lproj/MainStoryboard.storyboard; sourceTree = "<group>"; };
		B0CC3600173AC03200BB0964 /* ViewController.h */ = {isa = PBXFileReference; lastKnownFileType = sourcecode.c.h; path = ViewController.h; sourceTree = "<group>"; };
		B0CC3601173AC03200BB0964 /* ViewController.m */ = {isa = PBXFileReference; lastKnownFileType = sourcecode.c.objc; path = ViewController.m; sourceTree = "<group>"; };
/* End PBXFileReference section */

/* Begin PBXFrameworksBuildPhase section */
		B0CC35DF173AC03200BB0964 /* Frameworks */ = {
			isa = PBXFrameworksBuildPhase;
			buildActionMask = 2147483647;
			files = (
				B0817248173BB38800ADDA83 /* Accelerate.framework in Frameworks */,
				B0817246173BB38200ADDA83 /* AudioToolbox.framework in Frameworks */,
				B0817244173BB37800ADDA83 /* libTheAmazingAudioEngine.a in Frameworks */,
				B0CC35E6173AC03200BB0964 /* UIKit.framework in Frameworks */,
				B0CC35E8173AC03200BB0964 /* Foundation.framework in Frameworks */,
				B0CC35EA173AC03200BB0964 /* CoreGraphics.framework in Frameworks */,
			);
			runOnlyForDeploymentPostprocessing = 0;
		};
/* End PBXFrameworksBuildPhase section */

/* Begin PBXGroup section */
		B081723D173BB35B00ADDA83 /* Products */ = {
			isa = PBXGroup;
			children = (
				B0817241173BB35B00ADDA83 /* libTheAmazingAudioEngine.a */,
			);
			name = Products;
			sourceTree = "<group>";
		};
		B0CC35D9173AC03200BB0964 = {
			isa = PBXGroup;
			children = (
				B081723C173BB35B00ADDA83 /* TheAmazingAudioEngine.xcodeproj */,
				B0CC35EB173AC03200BB0964 /* AAE+STK */,
				B0CC35E4173AC03200BB0964 /* Frameworks */,
				B0CC35E3173AC03200BB0964 /* Products */,
			);
			sourceTree = "<group>";
		};
		B0CC35E3173AC03200BB0964 /* Products */ = {
			isa = PBXGroup;
			children = (
				B0CC35E2173AC03200BB0964 /* AAE+STK.app */,
			);
			name = Products;
			sourceTree = "<group>";
		};
		B0CC35E4173AC03200BB0964 /* Frameworks */ = {
			isa = PBXGroup;
			children = (
				B0817247173BB38800ADDA83 /* Accelerate.framework */,
				B0817245173BB38200ADDA83 /* AudioToolbox.framework */,
				B0CC35E5173AC03200BB0964 /* UIKit.framework */,
				B0CC35E7173AC03200BB0964 /* Foundation.framework */,
				B0CC35E9173AC03200BB0964 /* CoreGraphics.framework */,
			);
			name = Frameworks;
			sourceTree = "<group>";
		};
		B0CC35EB173AC03200BB0964 /* AAE+STK */ = {
			isa = PBXGroup;
			children = (
				B0CC35F4173AC03200BB0964 /* AppDelegate.h */,
				B0CC35F5173AC03200BB0964 /* AppDelegate.m */,
				B0CC35FD173AC03200BB0964 /* MainStoryboard.storyboard */,
				B0CC3600173AC03200BB0964 /* ViewController.h */,
				B0CC3601173AC03200BB0964 /* ViewController.m */,
				B0CC35EC173AC03200BB0964 /* Supporting Files */,
			);
			path = "AAE+STK";
			sourceTree = "<group>";
		};
		B0CC35EC173AC03200BB0964 /* Supporting Files */ = {
			isa = PBXGroup;
			children = (
				B0CC35ED173AC03200BB0964 /* AAE+STK-Info.plist */,
				B0CC35EE173AC03200BB0964 /* InfoPlist.strings */,
				B0CC35F1173AC03200BB0964 /* main.m */,
				B0CC35F3173AC03200BB0964 /* AAE+STK-Prefix.pch */,
				B0CC35F7173AC03200BB0964 /* Default.png */,
				B0CC35F9173AC03200BB0964 /* Default@2x.png */,
				B0CC35FB173AC03200BB0964 /* Default-568h@2x.png */,
			);
			name = "Supporting Files";
			sourceTree = "<group>";
		};
/* End PBXGroup section */

/* Begin PBXNativeTarget section */
		B0CC35E1173AC03200BB0964 /* AAE+STK */ = {
			isa = PBXNativeTarget;
			buildConfigurationList = B0CC3605173AC03200BB0964 /* Build configuration list for PBXNativeTarget "AAE+STK" */;
			buildPhases = (
				B0CC35DE173AC03200BB0964 /* Sources */,
				B0CC35DF173AC03200BB0964 /* Frameworks */,
				B0CC35E0173AC03200BB0964 /* Resources */,
			);
			buildRules = (
			);
			dependencies = (
				B0817243173BB36D00ADDA83 /* PBXTargetDependency */,
			);
			name = "AAE+STK";
			productName = "AAE+STK";
			productReference = B0CC35E2173AC03200BB0964 /* AAE+STK.app */;
			productType = "com.apple.product-type.application";
		};
/* End PBXNativeTarget section */

/* Begin PBXProject section */
		B0CC35DA173AC03200BB0964 /* Project object */ = {
			isa = PBXProject;
			attributes = {
				LastUpgradeCheck = 0460;
				ORGANIZATIONNAME = ariel;
			};
			buildConfigurationList = B0CC35DD173AC03200BB0964 /* Build configuration list for PBXProject "AAE+STK" */;
			compatibilityVersion = "Xcode 3.2";
			developmentRegion = English;
			hasScannedForEncodings = 0;
			knownRegions = (
				en,
			);
			mainGroup = B0CC35D9173AC03200BB0964;
			productRefGroup = B0CC35E3173AC03200BB0964 /* Products */;
			projectDirPath = "";
			projectReferences = (
				{
					ProductGroup = B081723D173BB35B00ADDA83 /* Products */;
					ProjectRef = B081723C173BB35B00ADDA83 /* TheAmazingAudioEngine.xcodeproj */;
				},
			);
			projectRoot = "";
			targets = (
				B0CC35E1173AC03200BB0964 /* AAE+STK */,
			);
		};
/* End PBXProject section */

/* Begin PBXReferenceProxy section */
		B0817241173BB35B00ADDA83 /* libTheAmazingAudioEngine.a */ = {
			isa = PBXReferenceProxy;
			fileType = archive.ar;
			path = libTheAmazingAudioEngine.a;
			remoteRef = B0817240173BB35B00ADDA83 /* PBXContainerItemProxy */;
			sourceTree = BUILT_PRODUCTS_DIR;
		};
/* End PBXReferenceProxy section */

/* Begin PBXResourcesBuildPhase section */
		B0CC35E0173AC03200BB0964 /* Resources */ = {
			isa = PBXResourcesBuildPhase;
			buildActionMask = 2147483647;
			files = (
				B0CC35F0173AC03200BB0964 /* InfoPlist.strings in Resources */,
				B0CC35F8173AC03200BB0964 /* Default.png in Resources */,
				B0CC35FA173AC03200BB0964 /* Default@2x.png in Resources */,
				B0CC35FC173AC03200BB0964 /* Default-568h@2x.png in Resources */,
				B0CC35FF173AC03200BB0964 /* MainStoryboard.storyboard in Resources */,
			);
			runOnlyForDeploymentPostprocessing = 0;
		};
/* End PBXResourcesBuildPhase section */

/* Begin PBXSourcesBuildPhase section */
		B0CC35DE173AC03200BB0964 /* Sources */ = {
			isa = PBXSourcesBuildPhase;
			buildActionMask = 2147483647;
			files = (
				B0CC35F2173AC03200BB0964 /* main.m in Sources */,
				B0CC35F6173AC03200BB0964 /* AppDelegate.m in Sources */,
				B0CC3602173AC03200BB0964 /* ViewController.m in Sources */,
			);
			runOnlyForDeploymentPostprocessing = 0;
		};
/* End PBXSourcesBuildPhase section */

/* Begin PBXTargetDependency section */
		B0817243173BB36D00ADDA83 /* PBXTargetDependency */ = {
			isa = PBXTargetDependency;
			name = TheAmazingAudioEngine;
			targetProxy = B0817242173BB36D00ADDA83 /* PBXContainerItemProxy */;
		};
/* End PBXTargetDependency section */

/* Begin PBXVariantGroup section */
		B0CC35EE173AC03200BB0964 /* InfoPlist.strings */ = {
			isa = PBXVariantGroup;
			children = (
				B0CC35EF173AC03200BB0964 /* en */,
			);
			name = InfoPlist.strings;
			sourceTree = "<group>";
		};
		B0CC35FD173AC03200BB0964 /* MainStoryboard.storyboard */ = {
			isa = PBXVariantGroup;
			children = (
				B0CC35FE173AC03200BB0964 /* en */,
			);
			name = MainStoryboard.storyboard;
			sourceTree = "<group>";
		};
/* End PBXVariantGroup section */

/* Begin XCBuildConfiguration section */
		B0CC3603173AC03200BB0964 /* Debug */ = {
			isa = XCBuildConfiguration;
			buildSettings = {
				ALWAYS_SEARCH_USER_PATHS = NO;
				CLANG_CXX_LANGUAGE_STANDARD = "gnu++0x";
				CLANG_CXX_LIBRARY = "libc++";
				CLANG_ENABLE_OBJC_ARC = YES;
				CLANG_WARN_CONSTANT_CONVERSION = YES;
				CLANG_WARN_EMPTY_BODY = YES;
				CLANG_WARN_ENUM_CONVERSION = YES;
				CLANG_WARN_INT_CONVERSION = YES;
				CLANG_WARN__DUPLICATE_METHOD_MATCH = YES;
				"CODE_SIGN_IDENTITY[sdk=iphoneos*]" = "iPhone Developer";
				COPY_PHASE_STRIP = NO;
				GCC_C_LANGUAGE_STANDARD = gnu99;
				GCC_DYNAMIC_NO_PIC = NO;
				GCC_OPTIMIZATION_LEVEL = 0;
				GCC_PREPROCESSOR_DEFINITIONS = (
					"DEBUG=1",
					"$(inherited)",
				);
				GCC_SYMBOLS_PRIVATE_EXTERN = NO;
				GCC_WARN_ABOUT_RETURN_TYPE = YES;
				GCC_WARN_UNINITIALIZED_AUTOS = YES;
				GCC_WARN_UNUSED_VARIABLE = YES;
				IPHONEOS_DEPLOYMENT_TARGET = 6.1;
				ONLY_ACTIVE_ARCH = YES;
				SDKROOT = iphoneos;
			};
			name = Debug;
		};
		B0CC3604173AC03200BB0964 /* Release */ = {
			isa = XCBuildConfiguration;
			buildSettings = {
				ALWAYS_SEARCH_USER_PATHS = NO;
				CLANG_CXX_LANGUAGE_STANDARD = "gnu++0x";
				CLANG_CXX_LIBRARY = "libc++";
				CLANG_ENABLE_OBJC_ARC = YES;
				CLANG_WARN_CONSTANT_CONVERSION = YES;
				CLANG_WARN_EMPTY_BODY = YES;
				CLANG_WARN_ENUM_CONVERSION = YES;
				CLANG_WARN_INT_CONVERSION = YES;
				CLANG_WARN__DUPLICATE_METHOD_MATCH = YES;
				"CODE_SIGN_IDENTITY[sdk=iphoneos*]" = "iPhone Developer";
				COPY_PHASE_STRIP = YES;
				GCC_C_LANGUAGE_STANDARD = gnu99;
				GCC_WARN_ABOUT_RETURN_TYPE = YES;
				GCC_WARN_UNINITIALIZED_AUTOS = YES;
				GCC_WARN_UNUSED_VARIABLE = YES;
				IPHONEOS_DEPLOYMENT_TARGET = 6.1;
				OTHER_CFLAGS = "-DNS_BLOCK_ASSERTIONS=1";
				SDKROOT = iphoneos;
				VALIDATE_PRODUCT = YES;
			};
			name = Release;
		};
		B0CC3606173AC03200BB0964 /* Debug */ = {
			isa = XCBuildConfiguration;
			buildSettings = {
				GCC_PRECOMPILE_PREFIX_HEADER = YES;
				GCC_PREFIX_HEADER = "AAE+STK/AAE+STK-Prefix.pch";
				HEADER_SEARCH_PATHS = TheAmazingAudioEngine/TheAmazingAudioEngine;
				INFOPLIST_FILE = "AAE+STK/AAE+STK-Info.plist";
				PRODUCT_NAME = "$(TARGET_NAME)";
				WRAPPER_EXTENSION = app;
			};
			name = Debug;
		};
		B0CC3607173AC03200BB0964 /* Release */ = {
			isa = XCBuildConfiguration;
			buildSettings = {
				GCC_PRECOMPILE_PREFIX_HEADER = YES;
				GCC_PREFIX_HEADER = "AAE+STK/AAE+STK-Prefix.pch";
				HEADER_SEARCH_PATHS = TheAmazingAudioEngine/TheAmazingAudioEngine;
				INFOPLIST_FILE = "AAE+STK/AAE+STK-Info.plist";
				PRODUCT_NAME = "$(TARGET_NAME)";
				WRAPPER_EXTENSION = app;
			};
			name = Release;
		};
/* End XCBuildConfiguration section */

/* Begin XCConfigurationList section */
		B0CC35DD173AC03200BB0964 /* Build configuration list for PBXProject "AAE+STK" */ = {
			isa = XCConfigurationList;
			buildConfigurations = (
				B0CC3603173AC03200BB0964 /* Debug */,
				B0CC3604173AC03200BB0964 /* Release */,
			);
			defaultConfigurationIsVisible = 0;
			defaultConfigurationName = Release;
		};
		B0CC3605173AC03200BB0964 /* Build configuration list for PBXNativeTarget "AAE+STK" */ = {
			isa = XCConfigurationList;
			buildConfigurations = (
				B0CC3606173AC03200BB0964 /* Debug */,
				B0CC3607173AC03200BB0964 /* Release */,
			);
			defaultConfigurationIsVisible = 0;
			defaultConfigurationName = Release;
		};
/* End XCConfigurationList section */
	};
	rootObject = B0CC35DA173AC03200BB0964 /* Project object */;
}
